
Microsoft Visual Studio Solution File, Format Version 12.00
# Visual Studio Version 17
VisualStudioVersion = 17.9.34723.18
MinimumVisualStudioVersion = 10.0.40219.1
Project("{FAE04EC0-301F-11D3-BF4B-00C04F79EFBC}") = "BokregisterAPI", "BokregisterAPI.csproj", "{A64EBBB0-5C86-4D9A-BED2-5DC94C23DF1A}"
EndProject
Global
	GlobalSection(SolutionConfigurationPlatforms) = preSolution
		Debug|Any CPU = Debug|Any CPU
		Release|Any CPU = Release|Any CPU
	EndGlobalSection
	GlobalSection(ProjectConfigurationPlatforms) = postSolution
		{A64EBBB0-5C86-4D9A-BED2-5DC94C23DF1A}.Debug|Any CPU.ActiveCfg = Debug|Any CPU
		{A64EBBB0-5C86-4D9A-BED2-5DC94C23DF1A}.Debug|Any CPU.Build.0 = Debug|Any CPU
		{A64EBBB0-5C86-4D9A-BED2-5DC94C23DF1A}.Release|Any CPU.ActiveCfg = Release|Any CPU
		{A64EBBB0-5C86-4D9A-BED2-5DC94C23DF1A}.Release|Any CPU.Build.0 = Release|Any CPU
	EndGlobalSection
	GlobalSection(SolutionProperties) = preSolution
		HideSolutionNode = FALSE
	EndGlobalSection
	GlobalSection(ExtensibilityGlobals) = postSolution
		SolutionGuid = {76A70EC3-C784-428F-9C36-1BDC67B85051}
	EndGlobalSection
EndGlobal
